{
  "sources": {
    "yum": {
      "locked_version": "2.4.2"
    },
    "java": {
      "locked_version": "1.15.4"
    },
    "zabbix2.0": {
      "locked_version": "0.1.0",
      "git": "https://github.com/uchiunyo/chef-zabbix2.0.git",
      "ref": "c201bba54ef606b040dcdb057397faafca870913"
    },
    "windows": {
      "locked_version": "1.11.0"
    },
    "chef_handler": {
      "locked_version": "1.1.4"
    },
    "aws": {
      "locked_version": "1.0.0"
    }
  }
}
